# THIS IS AN AUTOGENERATED FILE. DO NOT EDIT THIS FILE DIRECTLY.
# yarn lockfile v1


"@babel/runtime@^7.20.6", "@babel/runtime@^7.21.0", "@babel/runtime@^7.5.5", "@babel/runtime@^7.8.7":
  version "7.21.5"
  resolved "https://registry.yarnpkg.com/@babel/runtime/-/runtime-7.21.5.tgz#8492dddda9644ae3bda3b45eabe87382caee7200"
  integrity sha512-8jI69toZqqcsnqGGqwGS4Qb1VwLOEp4hz+CXPywcvjs60u3B4Pom/U/7rm4W8tMOYEB+E9wgD0mW1l3r8qlI9Q==
  dependencies:
    regenerator-runtime "^0.13.11"

"@emotion/cache@^11.10.8":
  version "11.10.8"
  resolved "https://registry.yarnpkg.com/@emotion/cache/-/cache-11.10.8.tgz#3b39b4761bea0ae2f4f07f0a425eec8b6977c03e"
  integrity sha512-5fyqGHi51LU95o7qQ/vD1jyvC4uCY5GcBT+UgP4LHdpO9jPDlXqhrRr9/wCKmfoAvh5G/F7aOh4MwQa+8uEqhA==
  dependencies:
    "@emotion/memoize" "^0.8.0"
    "@emotion/sheet" "^1.2.1"
    "@emotion/utils" "^1.2.0"
    "@emotion/weak-memoize" "^0.3.0"
    stylis "4.1.4"

"@emotion/is-prop-valid@^1.2.0":
  version "1.2.0"
  resolved "https://registry.yarnpkg.com/@emotion/is-prop-valid/-/is-prop-valid-1.2.0.tgz#7f2d35c97891669f7e276eb71c83376a5dc44c83"
  integrity sha512-3aDpDprjM0AwaxGE09bOPkNxHpBd+kA6jty3RnaEXdweX1DF1U3VQpPYb0g1IStAuK7SVQ1cy+bNBBKp4W3Fjg==
  dependencies:
    "@emotion/memoize" "^0.8.0"

"@emotion/memoize@^0.8.0":
  version "0.8.0"
  resolved "https://registry.yarnpkg.com/@emotion/memoize/-/memoize-0.8.0.tgz#f580f9beb67176fa57aae70b08ed510e1b18980f"
  integrity sha512-G/YwXTkv7Den9mXDO7AhLWkE3q+I92B+VqAE+dYG4NGPaHZGvt3G8Q0p9vmE+sq7rTGphUbAvmQ9YpbfMQGGlA==

"@emotion/sheet@^1.2.1":
  version "1.2.1"
  resolved "https://registry.yarnpkg.com/@emotion/sheet/-/sheet-1.2.1.tgz#0767e0305230e894897cadb6c8df2c51e61a6c2c"
  integrity sha512-zxRBwl93sHMsOj4zs+OslQKg/uhF38MB+OMKoCrVuS0nyTkqnau+BM3WGEoOptg9Oz45T/aIGs1qbVAsEFo3nA==

"@emotion/utils@^1.2.0":
  version "1.2.0"
  resolved "https://registry.yarnpkg.com/@emotion/utils/-/utils-1.2.0.tgz#9716eaccbc6b5ded2ea5a90d65562609aab0f561"
  integrity sha512-sn3WH53Kzpw8oQ5mgMmIzzyAaH2ZqFEbozVVBSYp538E06OSE6ytOp7pRAjNQR+Q/orwqdQYJSe2m3hCOeznkw==

"@emotion/weak-memoize@^0.3.0":
  version "0.3.0"
  resolved "https://registry.yarnpkg.com/@emotion/weak-memoize/-/weak-memoize-0.3.0.tgz#ea89004119dc42db2e1dba0f97d553f7372f6fcb"
  integrity sha512-AHPmaAx+RYfZz0eYu6Gviiagpmiyw98ySSlQvCUhVGDRtDFe4DBS0x1bSjdF3gqUDYOczB+yYvBTtEylYSdRhg==

"@mui/base@5.0.0-alpha.128":
  version "5.0.0-alpha.128"
  resolved "https://registry.yarnpkg.com/@mui/base/-/base-5.0.0-alpha.128.tgz#8ce4beb971ac989df0b1d3b2bd3e9274dbfa604f"
  integrity sha512-wub3wxNN+hUp8hzilMlXX3sZrPo75vsy1cXEQpqdTfIFlE9HprP1jlulFiPg5tfPst2OKmygXr2hhmgvAKRrzQ==
  dependencies:
    "@babel/runtime" "^7.21.0"
    "@emotion/is-prop-valid" "^1.2.0"
    "@mui/types" "^7.2.4"
    "@mui/utils" "^5.12.3"
    "@popperjs/core" "^2.11.7"
    clsx "^1.2.1"
    prop-types "^15.8.1"
    react-is "^18.2.0"

"@mui/core-downloads-tracker@^5.12.3":
  version "5.12.3"
  resolved "https://registry.yarnpkg.com/@mui/core-downloads-tracker/-/core-downloads-tracker-5.12.3.tgz#3dffe62dccc065ddd7338e97d7be4b917004287e"
  integrity sha512-yiJZ+knaknPHuRKhRk4L6XiwppwkAahVal3LuYpvBH7GkA2g+D9WLEXOEnNYtVFUggyKf6fWGLGnx0iqzkU5YA==

"@mui/material@^5.0.0":
  version "5.12.3"
  resolved "https://registry.yarnpkg.com/@mui/material/-/material-5.12.3.tgz#398c1b123fb065763558bc1f9fc47d1f8cb87d0c"
  integrity sha512-xNmKlrEN4HsTaKFNLZfc7ie7CXx2YqEeO//hsXZx2p3MGtDdeMr2sV3jC4hsFs57RhQlF79weY7uVvC8xSuVbg==
  dependencies:
    "@babel/runtime" "^7.21.0"
    "@mui/base" "5.0.0-alpha.128"
    "@mui/core-downloads-tracker" "^5.12.3"
    "@mui/system" "^5.12.3"
    "@mui/types" "^7.2.4"
    "@mui/utils" "^5.12.3"
    "@types/react-transition-group" "^4.4.5"
    clsx "^1.2.1"
    csstype "^3.1.2"
    prop-types "^15.8.1"
    react-is "^18.2.0"
    react-transition-group "^4.4.5"

"@mui/private-theming@^5.12.3":
  version "5.12.3"
  resolved "https://registry.yarnpkg.com/@mui/private-theming/-/private-theming-5.12.3.tgz#f5e4704e25d9d91b906561cae573cda8f3801e10"
  integrity sha512-o1e7Z1Bp27n4x2iUHhegV4/Jp6H3T6iBKHJdLivS5GbwsuAE/5l4SnZ+7+K+e5u9TuhwcAKZLkjvqzkDe8zqfA==
  dependencies:
    "@babel/runtime" "^7.21.0"
    "@mui/utils" "^5.12.3"
    prop-types "^15.8.1"

"@mui/styled-engine@^5.12.3":
  version "5.12.3"
  resolved "https://registry.yarnpkg.com/@mui/styled-engine/-/styled-engine-5.12.3.tgz#3307643d52c81947a624cdd0437536cc8109c4f0"
  integrity sha512-AhZtiRyT8Bjr7fufxE/mLS+QJ3LxwX1kghIcM2B2dvJzSSg9rnIuXDXM959QfUVIM3C8U4x3mgVoPFMQJvc4/g==
  dependencies:
    "@babel/runtime" "^7.21.0"
    "@emotion/cache" "^11.10.8"
    csstype "^3.1.2"
    prop-types "^15.8.1"

"@mui/system@^5.12.3":
  version "5.12.3"
  resolved "https://registry.yarnpkg.com/@mui/system/-/system-5.12.3.tgz#306b3cdffa3046067640219c1e5dd7e3dae38ff9"
  integrity sha512-JB/6sypHqeJCqwldWeQ1MKkijH829EcZAKKizxbU2MJdxGG5KSwZvTBa5D9qiJUA1hJFYYupjiuy9ZdJt6rV6w==
  dependencies:
    "@babel/runtime" "^7.21.0"
    "@mui/private-theming" "^5.12.3"
    "@mui/styled-engine" "^5.12.3"
    "@mui/types" "^7.2.4"
    "@mui/utils" "^5.12.3"
    clsx "^1.2.1"
    csstype "^3.1.2"
    prop-types "^15.8.1"

"@mui/types@^7.2.4":
  version "7.2.4"
  resolved "https://registry.yarnpkg.com/@mui/types/-/types-7.2.4.tgz#b6fade19323b754c5c6de679a38f068fd50b9328"
  integrity sha512-LBcwa8rN84bKF+f5sDyku42w1NTxaPgPyYKODsh01U1fVstTClbUoSA96oyRBnSNyEiAVjKm6Gwx9vjR+xyqHA==

"@mui/utils@^5.12.3":
  version "5.12.3"
  resolved "https://registry.yarnpkg.com/@mui/utils/-/utils-5.12.3.tgz#3fa3570dac7ec66bb9cc84ab7c16ab6e1b7200f2"
  integrity sha512-D/Z4Ub3MRl7HiUccid7sQYclTr24TqUAQFFlxHQF8FR177BrCTQ0JJZom7EqYjZCdXhwnSkOj2ph685MSKNtIA==
  dependencies:
    "@babel/runtime" "^7.21.0"
    "@types/prop-types" "^15.7.5"
    "@types/react-is" "^16.7.1 || ^17.0.0"
    prop-types "^15.8.1"
    react-is "^18.2.0"

"@popperjs/core@^2.11.7":
  version "2.11.7"
  resolved "https://registry.yarnpkg.com/@popperjs/core/-/core-2.11.7.tgz#ccab5c8f7dc557a52ca3288c10075c9ccd37fff7"
  integrity sha512-Cr4OjIkipTtcXKjAsm8agyleBuDHvxzeBoa1v543lbv1YaIwQjESsVcmjiWiPEbC1FIeHOG/Op9kdCmAmiS3Kw==

"@types/prop-types@*", "@types/prop-types@^15.7.5":
  version "15.7.5"
  resolved "https://registry.yarnpkg.com/@types/prop-types/-/prop-types-15.7.5.tgz#5f19d2b85a98e9558036f6a3cacc8819420f05cf"
  integrity sha512-JCB8C6SnDoQf0cNycqd/35A7MjcnK+ZTqE7judS6o7utxUCg6imJg3QK2qzHKszlTjcj2cn+NwMB2i96ubpj7w==

"@types/react-is@^16.7.1 || ^17.0.0":
  version "17.0.4"
  resolved "https://registry.yarnpkg.com/@types/react-is/-/react-is-17.0.4.tgz#3cccd02851f7f7a75b21d6e922da26bc7f8f44ad"
  integrity sha512-FLzd0K9pnaEvKz4D1vYxK9JmgQPiGk1lu23o1kqGsLeT0iPbRSF7b76+S5T9fD8aRa0B8bY7I/3DebEj+1ysBA==
  dependencies:
    "@types/react" "^17"

"@types/react-transition-group@^4.4.5":
  version "4.4.6"
  resolved "https://registry.yarnpkg.com/@types/react-transition-group/-/react-transition-group-4.4.6.tgz#18187bcda5281f8e10dfc48f0943e2fdf4f75e2e"
  integrity sha512-VnCdSxfcm08KjsJVQcfBmhEQAPnLB8G08hAxn39azX1qYBQ/5RVQuoHuKIcfKOdncuaUvEpFKFzEvbtIMsfVew==
  dependencies:
    "@types/react" "*"

"@types/react@*":
  version "18.2.5"
  resolved "https://registry.yarnpkg.com/@types/react/-/react-18.2.5.tgz#f9403e1113b12b53f7edcdd9a900c10dd4b49a59"
  integrity sha512-RuoMedzJ5AOh23Dvws13LU9jpZHIc/k90AgmK7CecAYeWmSr3553L4u5rk4sWAPBuQosfT7HmTfG4Rg5o4nGEA==
  dependencies:
    "@types/prop-types" "*"
    "@types/scheduler" "*"
    csstype "^3.0.2"

"@types/react@^17":
  version "17.0.58"
  resolved "https://registry.yarnpkg.com/@types/react/-/react-17.0.58.tgz#c8bbc82114e5c29001548ebe8ed6c4ba4d3c9fb0"
  integrity sha512-c1GzVY97P0fGxwGxhYq989j4XwlcHQoto6wQISOC2v6wm3h0PORRWJFHlkRjfGsiG3y1609WdQ+J+tKxvrEd6A==
  dependencies:
    "@types/prop-types" "*"
    "@types/scheduler" "*"
    csstype "^3.0.2"

"@types/scheduler@*":
  version "0.16.3"
  resolved "https://registry.yarnpkg.com/@types/scheduler/-/scheduler-0.16.3.tgz#cef09e3ec9af1d63d2a6cc5b383a737e24e6dcf5"
  integrity sha512-5cJ8CB4yAx7BH1oMvdU0Jh9lrEXyPkar6F9G/ERswkCuvP4KQZfZkSjcMbAICCpQTN4OuZn8tz0HiKv9TGZgrQ==

classnames@^2.2.6:
  version "2.3.2"
  resolved "https://registry.yarnpkg.com/classnames/-/classnames-2.3.2.tgz#351d813bf0137fcc6a76a16b88208d2560a0d924"
  integrity sha512-CSbhY4cFEJRe6/GQzIk5qXZ4Jeg5pcsP7b5peFSDpffpe1cqjASH/n9UTjBwOp6XpMSTwQ8Za2K5V02ueA7Tmw==

clsx@^1.2.1:
  version "1.2.1"
  resolved "https://registry.yarnpkg.com/clsx/-/clsx-1.2.1.tgz#0ddc4a20a549b59c93a4116bb26f5294ca17dc12"
  integrity sha512-EcR6r5a8bj6pu3ycsa/E/cKVGuTgZJZdsyUYHOksG/UHIiKfjxzRxYJpyVBwYaQeOvghal9fcc4PidlgzugAQg==

csstype@^3.0.2, csstype@^3.1.2:
  version "3.1.2"
  resolved "https://registry.yarnpkg.com/csstype/-/csstype-3.1.2.tgz#1d4bf9d572f11c14031f0436e1c10bc1f571f50b"
  integrity sha512-I7K1Uu0MBPzaFKg4nI5Q7Vs2t+3gWWW648spaF+Rg7pI9ds18Ugn+lvg4SHczUdKlHI5LWBXyqfS8+DufyBsgQ==

dom-helpers@^5.0.1:
  version "5.2.1"
  resolved "https://registry.yarnpkg.com/dom-helpers/-/dom-helpers-5.2.1.tgz#d9400536b2bf8225ad98fe052e029451ac40e902"
  integrity sha512-nRCa7CK3VTrM2NmGkIy4cbK7IZlgBE/PYMn55rrXefr5xXDP0LdtfPnblFDoVdcAfslJ7or6iqAUnx0CCGIWQA==
  dependencies:
    "@babel/runtime" "^7.8.7"
    csstype "^3.0.2"

"js-tokens@^3.0.0 || ^4.0.0":
  version "4.0.0"
  resolved "https://registry.yarnpkg.com/js-tokens/-/js-tokens-4.0.0.tgz#19203fb59991df98e3a287050d4647cdeaf32499"
  integrity sha512-RdJUflcE3cUzKiMqQgsCu06FPu9UdIJO0beYbPhHN4k6apgJtifcoCtT9bcxOpYBtpD2kCM6Sbzg4CausW/PKQ==

loose-envify@^1.4.0:
  version "1.4.0"
  resolved "https://registry.yarnpkg.com/loose-envify/-/loose-envify-1.4.0.tgz#71ee51fa7be4caec1a63839f7e682d8132d30caf"
  integrity sha512-lyuxPGr/Wfhrlem2CL/UcnUc1zcqKAImBDzukY7Y5F/yQiNdko6+fRLevlw1HgMySw7f611UIY408EtxRSoK3Q==
  dependencies:
    js-tokens "^3.0.0 || ^4.0.0"

material-ui-popup-state@^5.0.8:
  version "5.0.8"
  resolved "https://registry.yarnpkg.com/material-ui-popup-state/-/material-ui-popup-state-5.0.8.tgz#b35f7878b994590a55bf1e7a5a1ed4687f75fdc4"
  integrity sha512-5ptEBQVd68QJpm0PCIYBatpX/F5QIFS+EH0lPpGqjl6HPD6uIHPt7laHbiqWDEm/6Wy5YvWF69ny+3jHXmHizQ==
  dependencies:
    "@babel/runtime" "^7.20.6"
    "@mui/material" "^5.0.0"
    classnames "^2.2.6"
    prop-types "^15.7.2"

object-assign@^4.1.1:
  version "4.1.1"
  resolved "https://registry.yarnpkg.com/object-assign/-/object-assign-4.1.1.tgz#2109adc7965887cfc05cbbd442cac8bfbb360863"
  integrity sha512-rJgTQnkUnH1sFw8yT6VSU3zD3sWmu6sZhIseY8VX+GRu3P6F7Fu+JNDoXfklElbLJSnc3FUQHVe4cU5hj+BcUg==

prop-types@^15.6.2, prop-types@^15.7.2, prop-types@^15.8.1:
  version "15.8.1"
  resolved "https://registry.yarnpkg.com/prop-types/-/prop-types-15.8.1.tgz#67d87bf1a694f48435cf332c24af10214a3140b5"
  integrity sha512-oj87CgZICdulUohogVAR7AjlC0327U4el4L6eAvOqCeudMDVU0NThNaV+b9Df4dXgSP1gXMTnPdhfe/2qDH5cg==
  dependencies:
    loose-envify "^1.4.0"
    object-assign "^4.1.1"
    react-is "^16.13.1"

react-is@^16.13.1:
  version "16.13.1"
  resolved "https://registry.yarnpkg.com/react-is/-/react-is-16.13.1.tgz#789729a4dc36de2999dc156dd6c1d9c18cea56a4"
  integrity sha512-24e6ynE2H+OKt4kqsOvNd8kBpV65zoxbA4BVsEOB3ARVWQki/DHzaUoC5KuON/BiccDaCCTZBuOcfZs70kR8bQ==

react-is@^18.2.0:
  version "18.2.0"
  resolved "https://registry.yarnpkg.com/react-is/-/react-is-18.2.0.tgz#199431eeaaa2e09f86427efbb4f1473edb47609b"
  integrity sha512-xWGDIW6x921xtzPkhiULtthJHoJvBbF3q26fzloPCK0hsvxtPVelvftw3zjbHWSkR2km9Z+4uxbDDK/6Zw9B8w==

react-transition-group@^4.4.5:
  version "4.4.5"
  resolved "https://registry.yarnpkg.com/react-transition-group/-/react-transition-group-4.4.5.tgz#e53d4e3f3344da8521489fbef8f2581d42becdd1"
  integrity sha512-pZcd1MCJoiKiBR2NRxeCRg13uCXbydPnmB4EOeRrY7480qNWO8IIgQG6zlDkm6uRMsURXPuKq0GWtiM59a5Q6g==
  dependencies:
    "@babel/runtime" "^7.5.5"
    dom-helpers "^5.0.1"
    loose-envify "^1.4.0"
    prop-types "^15.6.2"

regenerator-runtime@^0.13.11:
  version "0.13.11"
  resolved "https://registry.yarnpkg.com/regenerator-runtime/-/regenerator-runtime-0.13.11.tgz#f6dca3e7ceec20590d07ada785636a90cdca17f9"
  integrity sha512-kY1AZVr2Ra+t+piVaJ4gxaFaReZVH40AKNo7UCX6W+dEwBo/2oZJzqfuN1qLq1oL45o56cPaTXELwrTh8Fpggg==

stylis@4.1.4:
  version "4.1.4"
  resolved "https://registry.yarnpkg.com/stylis/-/stylis-4.1.4.tgz#9cb60e7153d8ac6d02d773552bf51c7a0344535b"
  integrity sha512-USf5pszRYwuE6hg9by0OkKChkQYEXfkeTtm0xKw+jqQhwyjCVLdYyMBK7R+n7dhzsblAWJnGxju4vxq5eH20GQ==
